
Microsoft Visual Studio Solution File, Format Version 12.00
# Visual Studio Version 17
VisualStudioVersion = 17.9.34728.123
MinimumVisualStudioVersion = 10.0.40219.1
Project("{FAE04EC0-301F-11D3-BF4B-00C04F79EFBC}") = "GitWebMvc", "GitWebMvc\GitWebMvc.csproj", "{21BE84AC-796B-4764-8514-772DBAAEC6F5}"
EndProject
Global
	GlobalSection(SolutionConfigurationPlatforms) = preSolution
		Debug|Any CPU = Debug|Any CPU
		Release|Any CPU = Release|Any CPU
	EndGlobalSection
	GlobalSection(ProjectConfigurationPlatforms) = postSolution
		{21BE84AC-796B-4764-8514-772DBAAEC6F5}.Debug|Any CPU.ActiveCfg = Debug|Any CPU
		{21BE84AC-796B-4764-8514-772DBAAEC6F5}.Debug|Any CPU.Build.0 = Debug|Any CPU
		{21BE84AC-796B-4764-8514-772DBAAEC6F5}.Release|Any CPU.ActiveCfg = Release|Any CPU
		{21BE84AC-796B-4764-8514-772DBAAEC6F5}.Release|Any CPU.Build.0 = Release|Any CPU
	EndGlobalSection
	GlobalSection(SolutionProperties) = preSolution
		HideSolutionNode = FALSE
	EndGlobalSection
	GlobalSection(ExtensibilityGlobals) = postSolution
		SolutionGuid = {F62C4906-A1DF-4A75-B0ED-0E61514C18AE}
	EndGlobalSection
EndGlobal
